// !$*UTF8*$!
{
	archiveVersion = 1;
	classes = {
	};
	objectVersion = 50;
	objects = {

/* Begin PBXBuildFile section */
		0FC39A563B5414AC0E5A8B77 /* libPods-CCMNTests.a in Frameworks */ = {isa = PBXBuildFile; fileRef = C2FF37ADC7CC93F9544F3FC0 /* libPods-CCMNTests.a */; };
		1C98C7BA8D4E1B20827878A5 /* libPods-CCMNUITests.a in Frameworks */ = {isa = PBXBuildFile; fileRef = C8FA4D2E39F98B21D07F557D /* libPods-CCMNUITests.a */; };
		5C2C0CBF2328399C00D132EF /* space.gif in Resources */ = {isa = PBXBuildFile; fileRef = 5C2C0CBE2328399C00D132EF /* space.gif */; };
		5C7C57C92326C1890092BFE8 /* GifFramework.swift in Sources */ = {isa = PBXBuildFile; fileRef = 5C7C57C82326C1890092BFE8 /* GifFramework.swift */; };
		5C7C57CF2326D66C0092BFE8 /* GifVC.swift in Sources */ = {isa = PBXBuildFile; fileRef = 5C7C57CE2326D66C0092BFE8 /* GifVC.swift */; };
		5D118AD9231E5B7B006F6C60 /* PresenceRequests.swift in Sources */ = {isa = PBXBuildFile; fileRef = 5D118AD8231E5B7B006F6C60 /* PresenceRequests.swift */; };
		5D13223823213465001BB015 /* EncodableForecast.swift in Sources */ = {isa = PBXBuildFile; fileRef = 5D13223723213465001BB015 /* EncodableForecast.swift */; };
		5D24B7B4230FFBC0002CC7F5 /* UICellExt.swift in Sources */ = {isa = PBXBuildFile; fileRef = 5D24B7B3230FFBC0002CC7F5 /* UICellExt.swift */; };
		5D24B7B6230FFC4A002CC7F5 /* PresenceVisExt.swift in Sources */ = {isa = PBXBuildFile; fileRef = 5D24B7B5230FFC4A002CC7F5 /* PresenceVisExt.swift */; };
		5D2E2D10231EBEF50041DDC9 /* ForecastsVC.storyboard in Resources */ = {isa = PBXBuildFile; fileRef = 5D2E2D0F231EBEF50041DDC9 /* ForecastsVC.storyboard */; };
		5D2E2D12231EBF290041DDC9 /* ForecastsVC.swift in Sources */ = {isa = PBXBuildFile; fileRef = 5D2E2D11231EBF290041DDC9 /* ForecastsVC.swift */; };
		5D349A28230EA2DA00C5A9A4 /* EmptyChartCell.xib in Resources */ = {isa = PBXBuildFile; fileRef = 5D349A27230EA2DA00C5A9A4 /* EmptyChartCell.xib */; };
		5D349A2A230EA30F00C5A9A4 /* EmptyChartCell.swift in Sources */ = {isa = PBXBuildFile; fileRef = 5D349A29230EA30F00C5A9A4 /* EmptyChartCell.swift */; };
		5D3E2B4823265CB000240CB5 /* CellForInitialVC.swift in Sources */ = {isa = PBXBuildFile; fileRef = 5D3E2B4723265CB000240CB5 /* CellForInitialVC.swift */; };
		5D3E2B4A23265D7000240CB5 /* VCext.swift in Sources */ = {isa = PBXBuildFile; fileRef = 5D3E2B4923265D7000240CB5 /* VCext.swift */; };
		5DA036F5231542F00002A352 /* LocationVisVC.storyboard in Resources */ = {isa = PBXBuildFile; fileRef = 5DA036F4231542F00002A352 /* LocationVisVC.storyboard */; };
		5DA036F7231542FC0002A352 /* LocationVisVC.swift in Sources */ = {isa = PBXBuildFile; fileRef = 5DA036F6231542FC0002A352 /* LocationVisVC.swift */; };
		5DA036F92315575C0002A352 /* ClientJSON.swift in Sources */ = {isa = PBXBuildFile; fileRef = 5DA036F82315575C0002A352 /* ClientJSON.swift */; };
		5DADCE6823054BBB006AC5AD /* KPISummary.swift in Sources */ = {isa = PBXBuildFile; fileRef = 5DADCE6723054BBB006AC5AD /* KPISummary.swift */; };
		5DBB56752316634700DD47E8 /* MacListCell.xib in Resources */ = {isa = PBXBuildFile; fileRef = 5DBB56742316634700DD47E8 /* MacListCell.xib */; };
		5DBB56772316636200DD47E8 /* MacListCell.swift in Sources */ = {isa = PBXBuildFile; fileRef = 5DBB56762316636200DD47E8 /* MacListCell.swift */; };
		5DBB56792316640F00DD47E8 /* LocationVisVCExt.swift in Sources */ = {isa = PBXBuildFile; fileRef = 5DBB56782316640F00DD47E8 /* LocationVisVCExt.swift */; };
		5DFFC581232422A600883640 /* ExtensionCharts.swift in Sources */ = {isa = PBXBuildFile; fileRef = 5DFFC580232422A600883640 /* ExtensionCharts.swift */; };
		E681F1597218C2E5B388E937 /* libPods-CCMN.a in Frameworks */ = {isa = PBXBuildFile; fileRef = B5CA80B19D2056069FEEDD66 /* libPods-CCMN.a */; };
		EF06EA4C22F9D91700681741 /* Campus.swift in Sources */ = {isa = PBXBuildFile; fileRef = EF06EA4B22F9D91700681741 /* Campus.swift */; };
		EF25854A22FD6E70001019E8 /* PresenceEndpoints.swift in Sources */ = {isa = PBXBuildFile; fileRef = EF25854922FD6E70001019E8 /* PresenceEndpoints.swift */; };
		EF2E0602230439900034C418 /* DwellTimeVis.storyboard in Resources */ = {isa = PBXBuildFile; fileRef = EF2E0601230439900034C418 /* DwellTimeVis.storyboard */; };
		EF2E0604230439BD0034C418 /* PresenceVis.swift in Sources */ = {isa = PBXBuildFile; fileRef = EF2E0603230439BD0034C418 /* PresenceVis.swift */; };
		EF374EF222FFFFA500D6C64A /* SetUpVCExtnsn.swift in Sources */ = {isa = PBXBuildFile; fileRef = EF374EF122FFFFA500D6C64A /* SetUpVCExtnsn.swift */; };
		EF374EF52300016200D6C64A /* DateTextCell.xib in Resources */ = {isa = PBXBuildFile; fileRef = EF374EF42300016200D6C64A /* DateTextCell.xib */; };
		EF374EF72300016E00D6C64A /* DateCell.xib in Resources */ = {isa = PBXBuildFile; fileRef = EF374EF62300016E00D6C64A /* DateCell.xib */; };
		EF374EF9230001E200D6C64A /* DateTextCell.swift in Sources */ = {isa = PBXBuildFile; fileRef = EF374EF8230001E200D6C64A /* DateTextCell.swift */; };
		EF374EFB2300020A00D6C64A /* DateCell.swift in Sources */ = {isa = PBXBuildFile; fileRef = EF374EFA2300020A00D6C64A /* DateCell.swift */; };
		EF48C4FA22EDE92F00980012 /* AppDelegate.swift in Sources */ = {isa = PBXBuildFile; fileRef = EF48C4F922EDE92F00980012 /* AppDelegate.swift */; };
		EF48C4FC22EDE92F00980012 /* ViewController.swift in Sources */ = {isa = PBXBuildFile; fileRef = EF48C4FB22EDE92F00980012 /* ViewController.swift */; };
		EF48C4FF22EDE92F00980012 /* Main.storyboard in Resources */ = {isa = PBXBuildFile; fileRef = EF48C4FD22EDE92F00980012 /* Main.storyboard */; };
		EF48C50122EDE93100980012 /* Assets.xcassets in Resources */ = {isa = PBXBuildFile; fileRef = EF48C50022EDE93100980012 /* Assets.xcassets */; };
		EF48C50422EDE93100980012 /* LaunchScreen.storyboard in Resources */ = {isa = PBXBuildFile; fileRef = EF48C50222EDE93100980012 /* LaunchScreen.storyboard */; };
		EF48C50F22EDE93100980012 /* CCMNTests.swift in Sources */ = {isa = PBXBuildFile; fileRef = EF48C50E22EDE93100980012 /* CCMNTests.swift */; };
		EF48C51A22EDE93100980012 /* CCMNUITests.swift in Sources */ = {isa = PBXBuildFile; fileRef = EF48C51922EDE93100980012 /* CCMNUITests.swift */; };
		EF6E844A22F33AE100136C6B /* LocationRequestEndpoints.swift in Sources */ = {isa = PBXBuildFile; fileRef = EF6E844922F33AE100136C6B /* LocationRequestEndpoints.swift */; };
		EF8580C722EF569F00F6B58D /* Client.swift in Sources */ = {isa = PBXBuildFile; fileRef = EF8580C622EF569F00F6B58D /* Client.swift */; };
		EF8580CA22EF62DA00F6B58D /* Extension.swift in Sources */ = {isa = PBXBuildFile; fileRef = EF8580C922EF62DA00F6B58D /* Extension.swift */; };
		EF97360B2300649100ABC318 /* NetworkManager.swift in Sources */ = {isa = PBXBuildFile; fileRef = EF97360A2300649100ABC318 /* NetworkManager.swift */; };
		EFB281DE22FDA3A400B714EA /* ConnectedVisitorsFuncs.swift in Sources */ = {isa = PBXBuildFile; fileRef = EFB281DD22FDA3A400B714EA /* ConnectedVisitorsFuncs.swift */; };
		EFDF3CAE22FEF9DC00A86B3E /* SearchSetUpVC.storyboard in Resources */ = {isa = PBXBuildFile; fileRef = EFDF3CAD22FEF9DC00A86B3E /* SearchSetUpVC.storyboard */; };
		EFDF3CB222FEFBE800A86B3E /* SearchSetUpVC.swift in Sources */ = {isa = PBXBuildFile; fileRef = EFDF3CB122FEFBE800A86B3E /* SearchSetUpVC.swift */; };
		EFE5DDCF22FC425800F1287B /* UIVCExtensions.swift in Sources */ = {isa = PBXBuildFile; fileRef = EFE5DDCE22FC425800F1287B /* UIVCExtensions.swift */; };
		EFE5DDD122FC558E00F1287B /* SiteID.swift in Sources */ = {isa = PBXBuildFile; fileRef = EFE5DDD022FC558E00F1287B /* SiteID.swift */; };
		EFE8C34022F71AE600C054F6 /* MapJSON.swift in Sources */ = {isa = PBXBuildFile; fileRef = EFE8C33F22F71AE600C054F6 /* MapJSON.swift */; };
/* End PBXBuildFile section */

/* Begin PBXContainerItemProxy section */
		EF48C50B22EDE93100980012 /* PBXContainerItemProxy */ = {
			isa = PBXContainerItemProxy;
			containerPortal = EF48C4EE22EDE92F00980012 /* Project object */;
			proxyType = 1;
			remoteGlobalIDString = EF48C4F522EDE92F00980012;
			remoteInfo = CCMN;
		};
		EF48C51622EDE93100980012 /* PBXContainerItemProxy */ = {
			isa = PBXContainerItemProxy;
			containerPortal = EF48C4EE22EDE92F00980012 /* Project object */;
			proxyType = 1;
			remoteGlobalIDString = EF48C4F522EDE92F00980012;
			remoteInfo = CCMN;
		};
/* End PBXContainerItemProxy section */

/* Begin PBXFileReference section */
		0842C8F66F65D923BC459256 /* Pods-CCMNTests.debug.xcconfig */ = {isa = PBXFileReference; includeInIndex = 1; lastKnownFileType = text.xcconfig; name = "Pods-CCMNTests.debug.xcconfig"; path = "Target Support Files/Pods-CCMNTests/Pods-CCMNTests.debug.xcconfig"; sourceTree = "<group>"; };
		0B33FB1236B9637DB700DD50 /* Pods-CCMNUITests.release.xcconfig */ = {isa = PBXFileReference; includeInIndex = 1; lastKnownFileType = text.xcconfig; name = "Pods-CCMNUITests.release.xcconfig"; path = "Target Support Files/Pods-CCMNUITests/Pods-CCMNUITests.release.xcconfig"; sourceTree = "<group>"; };
		236A6095A5F772CFE68C8129 /* Pods-CCMNTests.release.xcconfig */ = {isa = PBXFileReference; includeInIndex = 1; lastKnownFileType = text.xcconfig; name = "Pods-CCMNTests.release.xcconfig"; path = "Target Support Files/Pods-CCMNTests/Pods-CCMNTests.release.xcconfig"; sourceTree = "<group>"; };
		29F15A1414696DF53B35BA83 /* Pods-CCMN.release.xcconfig */ = {isa = PBXFileReference; includeInIndex = 1; lastKnownFileType = text.xcconfig; name = "Pods-CCMN.release.xcconfig"; path = "Target Support Files/Pods-CCMN/Pods-CCMN.release.xcconfig"; sourceTree = "<group>"; };
		5C2C0CBE2328399C00D132EF /* space.gif */ = {isa = PBXFileReference; lastKnownFileType = image.gif; path = space.gif; sourceTree = "<group>"; };
		5C7C57C82326C1890092BFE8 /* GifFramework.swift */ = {isa = PBXFileReference; lastKnownFileType = sourcecode.swift; path = GifFramework.swift; sourceTree = "<group>"; };
		5C7C57CE2326D66C0092BFE8 /* GifVC.swift */ = {isa = PBXFileReference; lastKnownFileType = sourcecode.swift; path = GifVC.swift; sourceTree = "<group>"; };
		5D118AD8231E5B7B006F6C60 /* PresenceRequests.swift */ = {isa = PBXFileReference; lastKnownFileType = sourcecode.swift; path = PresenceRequests.swift; sourceTree = "<group>"; };
		5D13223723213465001BB015 /* EncodableForecast.swift */ = {isa = PBXFileReference; lastKnownFileType = sourcecode.swift; path = EncodableForecast.swift; sourceTree = "<group>"; };
		5D24B7B3230FFBC0002CC7F5 /* UICellExt.swift */ = {isa = PBXFileReference; lastKnownFileType = sourcecode.swift; path = UICellExt.swift; sourceTree = "<group>"; };
		5D24B7B5230FFC4A002CC7F5 /* PresenceVisExt.swift */ = {isa = PBXFileReference; lastKnownFileType = sourcecode.swift; path = PresenceVisExt.swift; sourceTree = "<group>"; };
		5D2E2D0F231EBEF50041DDC9 /* ForecastsVC.storyboard */ = {isa = PBXFileReference; lastKnownFileType = file.storyboard; path = ForecastsVC.storyboard; sourceTree = "<group>"; };
		5D2E2D11231EBF290041DDC9 /* ForecastsVC.swift */ = {isa = PBXFileReference; lastKnownFileType = sourcecode.swift; path = ForecastsVC.swift; sourceTree = "<group>"; };
		5D349A27230EA2DA00C5A9A4 /* EmptyChartCell.xib */ = {isa = PBXFileReference; lastKnownFileType = file.xib; path = EmptyChartCell.xib; sourceTree = "<group>"; };
		5D349A29230EA30F00C5A9A4 /* EmptyChartCell.swift */ = {isa = PBXFileReference; lastKnownFileType = sourcecode.swift; path = EmptyChartCell.swift; sourceTree = "<group>"; };
		5D3E2B4723265CB000240CB5 /* CellForInitialVC.swift */ = {isa = PBXFileReference; lastKnownFileType = sourcecode.swift; path = CellForInitialVC.swift; sourceTree = "<group>"; };
		5D3E2B4923265D7000240CB5 /* VCext.swift */ = {isa = PBXFileReference; lastKnownFileType = sourcecode.swift; path = VCext.swift; sourceTree = "<group>"; };
		5DA036F4231542F00002A352 /* LocationVisVC.storyboard */ = {isa = PBXFileReference; lastKnownFileType = file.storyboard; path = LocationVisVC.storyboard; sourceTree = "<group>"; };
		5DA036F6231542FC0002A352 /* LocationVisVC.swift */ = {isa = PBXFileReference; lastKnownFileType = sourcecode.swift; path = LocationVisVC.swift; sourceTree = "<group>"; };
		5DA036F82315575C0002A352 /* ClientJSON.swift */ = {isa = PBXFileReference; lastKnownFileType = sourcecode.swift; path = ClientJSON.swift; sourceTree = "<group>"; };
		5DADCE6723054BBB006AC5AD /* KPISummary.swift */ = {isa = PBXFileReference; lastKnownFileType = sourcecode.swift; path = KPISummary.swift; sourceTree = "<group>"; };
		5DBB56742316634700DD47E8 /* MacListCell.xib */ = {isa = PBXFileReference; lastKnownFileType = file.xib; path = MacListCell.xib; sourceTree = "<group>"; };
		5DBB56762316636200DD47E8 /* MacListCell.swift */ = {isa = PBXFileReference; lastKnownFileType = sourcecode.swift; path = MacListCell.swift; sourceTree = "<group>"; };
		5DBB56782316640F00DD47E8 /* LocationVisVCExt.swift */ = {isa = PBXFileReference; lastKnownFileType = sourcecode.swift; path = LocationVisVCExt.swift; sourceTree = "<group>"; };
		5DFFC580232422A600883640 /* ExtensionCharts.swift */ = {isa = PBXFileReference; lastKnownFileType = sourcecode.swift; path = ExtensionCharts.swift; sourceTree = "<group>"; };
		9D4D708305E139255BA3059C /* Pods-CCMNUITests.debug.xcconfig */ = {isa = PBXFileReference; includeInIndex = 1; lastKnownFileType = text.xcconfig; name = "Pods-CCMNUITests.debug.xcconfig"; path = "Target Support Files/Pods-CCMNUITests/Pods-CCMNUITests.debug.xcconfig"; sourceTree = "<group>"; };
		ADCEC84424141817F5B6830B /* Pods-CCMN.debug.xcconfig */ = {isa = PBXFileReference; includeInIndex = 1; lastKnownFileType = text.xcconfig; name = "Pods-CCMN.debug.xcconfig"; path = "Target Support Files/Pods-CCMN/Pods-CCMN.debug.xcconfig"; sourceTree = "<group>"; };
		B5CA80B19D2056069FEEDD66 /* libPods-CCMN.a */ = {isa = PBXFileReference; explicitFileType = archive.ar; includeInIndex = 0; path = "libPods-CCMN.a"; sourceTree = BUILT_PRODUCTS_DIR; };
		C2FF37ADC7CC93F9544F3FC0 /* libPods-CCMNTests.a */ = {isa = PBXFileReference; explicitFileType = archive.ar; includeInIndex = 0; path = "libPods-CCMNTests.a"; sourceTree = BUILT_PRODUCTS_DIR; };
		C8FA4D2E39F98B21D07F557D /* libPods-CCMNUITests.a */ = {isa = PBXFileReference; explicitFileType = archive.ar; includeInIndex = 0; path = "libPods-CCMNUITests.a"; sourceTree = BUILT_PRODUCTS_DIR; };
		EF06EA4B22F9D91700681741 /* Campus.swift */ = {isa = PBXFileReference; lastKnownFileType = sourcecode.swift; path = Campus.swift; sourceTree = "<group>"; };
		EF25854922FD6E70001019E8 /* PresenceEndpoints.swift */ = {isa = PBXFileReference; lastKnownFileType = sourcecode.swift; path = PresenceEndpoints.swift; sourceTree = "<group>"; };
		EF2E0601230439900034C418 /* DwellTimeVis.storyboard */ = {isa = PBXFileReference; lastKnownFileType = file.storyboard; path = DwellTimeVis.storyboard; sourceTree = "<group>"; };
		EF2E0603230439BD0034C418 /* PresenceVis.swift */ = {isa = PBXFileReference; lastKnownFileType = sourcecode.swift; path = PresenceVis.swift; sourceTree = "<group>"; };
		EF374EF122FFFFA500D6C64A /* SetUpVCExtnsn.swift */ = {isa = PBXFileReference; lastKnownFileType = sourcecode.swift; path = SetUpVCExtnsn.swift; sourceTree = "<group>"; };
		EF374EF42300016200D6C64A /* DateTextCell.xib */ = {isa = PBXFileReference; lastKnownFileType = file.xib; path = DateTextCell.xib; sourceTree = "<group>"; };
		EF374EF62300016E00D6C64A /* DateCell.xib */ = {isa = PBXFileReference; lastKnownFileType = file.xib; path = DateCell.xib; sourceTree = "<group>"; };
		EF374EF8230001E200D6C64A /* DateTextCell.swift */ = {isa = PBXFileReference; lastKnownFileType = sourcecode.swift; path = DateTextCell.swift; sourceTree = "<group>"; };
		EF374EFA2300020A00D6C64A /* DateCell.swift */ = {isa = PBXFileReference; lastKnownFileType = sourcecode.swift; path = DateCell.swift; sourceTree = "<group>"; };
		EF48C4F622EDE92F00980012 /* CCMN.app */ = {isa = PBXFileReference; explicitFileType = wrapper.application; includeInIndex = 0; path = CCMN.app; sourceTree = BUILT_PRODUCTS_DIR; };
		EF48C4F922EDE92F00980012 /* AppDelegate.swift */ = {isa = PBXFileReference; lastKnownFileType = sourcecode.swift; path = AppDelegate.swift; sourceTree = "<group>"; };
		EF48C4FB22EDE92F00980012 /* ViewController.swift */ = {isa = PBXFileReference; lastKnownFileType = sourcecode.swift; path = ViewController.swift; sourceTree = "<group>"; };
		EF48C4FE22EDE92F00980012 /* Base */ = {isa = PBXFileReference; lastKnownFileType = file.storyboard; name = Base; path = Base.lproj/Main.storyboard; sourceTree = "<group>"; };
		EF48C50022EDE93100980012 /* Assets.xcassets */ = {isa = PBXFileReference; lastKnownFileType = folder.assetcatalog; path = Assets.xcassets; sourceTree = "<group>"; };
		EF48C50322EDE93100980012 /* Base */ = {isa = PBXFileReference; lastKnownFileType = file.storyboard; name = Base; path = Base.lproj/LaunchScreen.storyboard; sourceTree = "<group>"; };
		EF48C50522EDE93100980012 /* Info.plist */ = {isa = PBXFileReference; lastKnownFileType = text.plist.xml; path = Info.plist; sourceTree = "<group>"; };
		EF48C50A22EDE93100980012 /* CCMNTests.xctest */ = {isa = PBXFileReference; explicitFileType = wrapper.cfbundle; includeInIndex = 0; path = CCMNTests.xctest; sourceTree = BUILT_PRODUCTS_DIR; };
		EF48C50E22EDE93100980012 /* CCMNTests.swift */ = {isa = PBXFileReference; lastKnownFileType = sourcecode.swift; path = CCMNTests.swift; sourceTree = "<group>"; };
		EF48C51022EDE93100980012 /* Info.plist */ = {isa = PBXFileReference; lastKnownFileType = text.plist.xml; path = Info.plist; sourceTree = "<group>"; };
		EF48C51522EDE93100980012 /* CCMNUITests.xctest */ = {isa = PBXFileReference; explicitFileType = wrapper.cfbundle; includeInIndex = 0; path = CCMNUITests.xctest; sourceTree = BUILT_PRODUCTS_DIR; };
		EF48C51922EDE93100980012 /* CCMNUITests.swift */ = {isa = PBXFileReference; lastKnownFileType = sourcecode.swift; path = CCMNUITests.swift; sourceTree = "<group>"; };
		EF48C51B22EDE93100980012 /* Info.plist */ = {isa = PBXFileReference; lastKnownFileType = text.plist.xml; path = Info.plist; sourceTree = "<group>"; };
		EF6E844922F33AE100136C6B /* LocationRequestEndpoints.swift */ = {isa = PBXFileReference; lastKnownFileType = sourcecode.swift; path = LocationRequestEndpoints.swift; sourceTree = "<group>"; };
		EF8580C622EF569F00F6B58D /* Client.swift */ = {isa = PBXFileReference; lastKnownFileType = sourcecode.swift; path = Client.swift; sourceTree = "<group>"; };
		EF8580C922EF62DA00F6B58D /* Extension.swift */ = {isa = PBXFileReference; lastKnownFileType = sourcecode.swift; path = Extension.swift; sourceTree = "<group>"; };
		EF97360A2300649100ABC318 /* NetworkManager.swift */ = {isa = PBXFileReference; lastKnownFileType = sourcecode.swift; path = NetworkManager.swift; sourceTree = "<group>"; };
		EFB281DD22FDA3A400B714EA /* ConnectedVisitorsFuncs.swift */ = {isa = PBXFileReference; lastKnownFileType = sourcecode.swift; path = ConnectedVisitorsFuncs.swift; sourceTree = "<group>"; };
		EFDF3CAD22FEF9DC00A86B3E /* SearchSetUpVC.storyboard */ = {isa = PBXFileReference; lastKnownFileType = file.storyboard; name = SearchSetUpVC.storyboard; path = CCMN/Requests/SearchSetUpVC.storyboard; sourceTree = SOURCE_ROOT; };
		EFDF3CB122FEFBE800A86B3E /* SearchSetUpVC.swift */ = {isa = PBXFileReference; lastKnownFileType = sourcecode.swift; path = SearchSetUpVC.swift; sourceTree = "<group>"; };
		EFE5DDCE22FC425800F1287B /* UIVCExtensions.swift */ = {isa = PBXFileReference; lastKnownFileType = sourcecode.swift; path = UIVCExtensions.swift; sourceTree = "<group>"; };
		EFE5DDD022FC558E00F1287B /* SiteID.swift */ = {isa = PBXFileReference; lastKnownFileType = sourcecode.swift; path = SiteID.swift; sourceTree = "<group>"; };
		EFE8C33F22F71AE600C054F6 /* MapJSON.swift */ = {isa = PBXFileReference; lastKnownFileType = sourcecode.swift; path = MapJSON.swift; sourceTree = "<group>"; };
/* End PBXFileReference section */

/* Begin PBXFrameworksBuildPhase section */
		EF48C4F322EDE92F00980012 /* Frameworks */ = {
			isa = PBXFrameworksBuildPhase;
			buildActionMask = 2147483647;
			files = (
				E681F1597218C2E5B388E937 /* libPods-CCMN.a in Frameworks */,
			);
			runOnlyForDeploymentPostprocessing = 0;
		};
		EF48C50722EDE93100980012 /* Frameworks */ = {
			isa = PBXFrameworksBuildPhase;
			buildActionMask = 2147483647;
			files = (
				0FC39A563B5414AC0E5A8B77 /* libPods-CCMNTests.a in Frameworks */,
			);
			runOnlyForDeploymentPostprocessing = 0;
		};
		EF48C51222EDE93100980012 /* Frameworks */ = {
			isa = PBXFrameworksBuildPhase;
			buildActionMask = 2147483647;
			files = (
				1C98C7BA8D4E1B20827878A5 /* libPods-CCMNUITests.a in Frameworks */,
			);
			runOnlyForDeploymentPostprocessing = 0;
		};
/* End PBXFrameworksBuildPhase section */

/* Begin PBXGroup section */
		021A89F74793DFF32303D99B /* Pods */ = {
			isa = PBXGroup;
			children = (
				ADCEC84424141817F5B6830B /* Pods-CCMN.debug.xcconfig */,
				29F15A1414696DF53B35BA83 /* Pods-CCMN.release.xcconfig */,
				0842C8F66F65D923BC459256 /* Pods-CCMNTests.debug.xcconfig */,
				236A6095A5F772CFE68C8129 /* Pods-CCMNTests.release.xcconfig */,
				9D4D708305E139255BA3059C /* Pods-CCMNUITests.debug.xcconfig */,
				0B33FB1236B9637DB700DD50 /* Pods-CCMNUITests.release.xcconfig */,
			);
			path = Pods;
			sourceTree = "<group>";
		};
		5D24B7B2230FFBA2002CC7F5 /* Extensions */ = {
			isa = PBXGroup;
			children = (
				5D24B7B3230FFBC0002CC7F5 /* UICellExt.swift */,
				EF374EF122FFFFA500D6C64A /* SetUpVCExtnsn.swift */,
				5D24B7B5230FFC4A002CC7F5 /* PresenceVisExt.swift */,
				5DBB56782316640F00DD47E8 /* LocationVisVCExt.swift */,
				5D118AD8231E5B7B006F6C60 /* PresenceRequests.swift */,
				5D3E2B4923265D7000240CB5 /* VCext.swift */,
			);
			path = Extensions;
			sourceTree = "<group>";
		};
		5D24B7B723100065002CC7F5 /* Singletons */ = {
			isa = PBXGroup;
			children = (
				EF8580C622EF569F00F6B58D /* Client.swift */,
				EF97360A2300649100ABC318 /* NetworkManager.swift */,
			);
			path = Singletons;
			sourceTree = "<group>";
		};
		5DADCE6623054B91006AC5AD /* Decoders */ = {
			isa = PBXGroup;
			children = (
				EFE8C33F22F71AE600C054F6 /* MapJSON.swift */,
				EFE5DDD022FC558E00F1287B /* SiteID.swift */,
				EF06EA4B22F9D91700681741 /* Campus.swift */,
				5DADCE6723054BBB006AC5AD /* KPISummary.swift */,
				5DA036F82315575C0002A352 /* ClientJSON.swift */,
			);
			path = Decoders;
			sourceTree = "<group>";
		};
		8487343993A60B23E7E017A1 /* Frameworks */ = {
			isa = PBXGroup;
			children = (
				B5CA80B19D2056069FEEDD66 /* libPods-CCMN.a */,
				C2FF37ADC7CC93F9544F3FC0 /* libPods-CCMNTests.a */,
				C8FA4D2E39F98B21D07F557D /* libPods-CCMNUITests.a */,
			);
			name = Frameworks;
			sourceTree = "<group>";
		};
		EF374EF32300010900D6C64A /* cells */ = {
			isa = PBXGroup;
			children = (
				EF374EF42300016200D6C64A /* DateTextCell.xib */,
				EF374EF62300016E00D6C64A /* DateCell.xib */,
				EF374EF8230001E200D6C64A /* DateTextCell.swift */,
				EF374EFA2300020A00D6C64A /* DateCell.swift */,
				5D349A27230EA2DA00C5A9A4 /* EmptyChartCell.xib */,
				5D349A29230EA30F00C5A9A4 /* EmptyChartCell.swift */,
				5DBB56742316634700DD47E8 /* MacListCell.xib */,
				5DBB56762316636200DD47E8 /* MacListCell.swift */,
				5D3E2B4723265CB000240CB5 /* CellForInitialVC.swift */,
			);
			path = cells;
			sourceTree = "<group>";
		};
		EF48C4ED22EDE92F00980012 = {
			isa = PBXGroup;
			children = (
				EF48C4F822EDE92F00980012 /* CCMN */,
				EF48C50D22EDE93100980012 /* CCMNTests */,
				EF48C51822EDE93100980012 /* CCMNUITests */,
				EF48C4F722EDE92F00980012 /* Products */,
				021A89F74793DFF32303D99B /* Pods */,
				8487343993A60B23E7E017A1 /* Frameworks */,
			);
			sourceTree = "<group>";
		};
		EF48C4F722EDE92F00980012 /* Products */ = {
			isa = PBXGroup;
			children = (
				EF48C4F622EDE92F00980012 /* CCMN.app */,
				EF48C50A22EDE93100980012 /* CCMNTests.xctest */,
				EF48C51522EDE93100980012 /* CCMNUITests.xctest */,
			);
			name = Products;
			sourceTree = "<group>";
		};
		EF48C4F822EDE92F00980012 /* CCMN */ = {
			isa = PBXGroup;
			children = (
				EFB281DC22FDA37E00B714EA /* Requests */,
				EF8580C822EF62C700F6B58D /* Utilities */,
				EF8580C522EF568E00F6B58D /* View */,
				EF8580C422EF566500F6B58D /* Model */,
				EF8580C122EF562500F6B58D /* Controllers */,
				EF48C4F922EDE92F00980012 /* AppDelegate.swift */,
				EF48C4FD22EDE92F00980012 /* Main.storyboard */,
				EF48C50022EDE93100980012 /* Assets.xcassets */,
				5C2C0CBE2328399C00D132EF /* space.gif */,
				EF48C50222EDE93100980012 /* LaunchScreen.storyboard */,
				EF48C50522EDE93100980012 /* Info.plist */,
			);
			path = CCMN;
			sourceTree = "<group>";
		};
		EF48C50D22EDE93100980012 /* CCMNTests */ = {
			isa = PBXGroup;
			children = (
				EF48C50E22EDE93100980012 /* CCMNTests.swift */,
				EF48C51022EDE93100980012 /* Info.plist */,
			);
			path = CCMNTests;
			sourceTree = "<group>";
		};
		EF48C51822EDE93100980012 /* CCMNUITests */ = {
			isa = PBXGroup;
			children = (
				EF48C51922EDE93100980012 /* CCMNUITests.swift */,
				EF48C51B22EDE93100980012 /* Info.plist */,
			);
			path = CCMNUITests;
			sourceTree = "<group>";
		};
		EF8580C122EF562500F6B58D /* Controllers */ = {
			isa = PBXGroup;
			children = (
				5D24B7B2230FFBA2002CC7F5 /* Extensions */,
				EF48C4FB22EDE92F00980012 /* ViewController.swift */,
				EFDF3CB122FEFBE800A86B3E /* SearchSetUpVC.swift */,
				EF2E0603230439BD0034C418 /* PresenceVis.swift */,
				5DA036F6231542FC0002A352 /* LocationVisVC.swift */,
				5D2E2D11231EBF290041DDC9 /* ForecastsVC.swift */,
				5C7C57C82326C1890092BFE8 /* GifFramework.swift */,
				5C7C57CE2326D66C0092BFE8 /* GifVC.swift */,
			);
			path = Controllers;
			sourceTree = "<group>";
		};
		EF8580C422EF566500F6B58D /* Model */ = {
			isa = PBXGroup;
			children = (
				5DADCE6623054B91006AC5AD /* Decoders */,
				5D13223723213465001BB015 /* EncodableForecast.swift */,
			);
			path = Model;
			sourceTree = "<group>";
		};
		EF8580C522EF568E00F6B58D /* View */ = {
			isa = PBXGroup;
			children = (
				5D24B7B723100065002CC7F5 /* Singletons */,
				EF374EF32300010900D6C64A /* cells */,
				EFDF3CAD22FEF9DC00A86B3E /* SearchSetUpVC.storyboard */,
				EF2E0601230439900034C418 /* DwellTimeVis.storyboard */,
				5DA036F4231542F00002A352 /* LocationVisVC.storyboard */,
				5D2E2D0F231EBEF50041DDC9 /* ForecastsVC.storyboard */,
			);
			path = View;
			sourceTree = "<group>";
		};
		EF8580C822EF62C700F6B58D /* Utilities */ = {
			isa = PBXGroup;
			children = (
				EF8580C922EF62DA00F6B58D /* Extension.swift */,
				EF6E844922F33AE100136C6B /* LocationRequestEndpoints.swift */,
				EFE5DDCE22FC425800F1287B /* UIVCExtensions.swift */,
				EF25854922FD6E70001019E8 /* PresenceEndpoints.swift */,
				5DFFC580232422A600883640 /* ExtensionCharts.swift */,
			);
			path = Utilities;
			sourceTree = "<group>";
		};
		EFB281DC22FDA37E00B714EA /* Requests */ = {
			isa = PBXGroup;
			children = (
				EFB281DD22FDA3A400B714EA /* ConnectedVisitorsFuncs.swift */,
			);
			path = Requests;
			sourceTree = "<group>";
		};
/* End PBXGroup section */

/* Begin PBXNativeTarget section */
		EF48C4F522EDE92F00980012 /* CCMN */ = {
			isa = PBXNativeTarget;
			buildConfigurationList = EF48C51E22EDE93100980012 /* Build configuration list for PBXNativeTarget "CCMN" */;
			buildPhases = (
				11EE82150678F97A516C8C65 /* [CP] Check Pods Manifest.lock */,
				EF48C4F222EDE92F00980012 /* Sources */,
				EF48C4F322EDE92F00980012 /* Frameworks */,
				EF48C4F422EDE92F00980012 /* Resources */,
			);
			buildRules = (
			);
			dependencies = (
			);
			name = CCMN;
			productName = CCMN;
			productReference = EF48C4F622EDE92F00980012 /* CCMN.app */;
			productType = "com.apple.product-type.application";
		};
		EF48C50922EDE93100980012 /* CCMNTests */ = {
			isa = PBXNativeTarget;
			buildConfigurationList = EF48C52122EDE93100980012 /* Build configuration list for PBXNativeTarget "CCMNTests" */;
			buildPhases = (
				AFFB953EE1600CF7DF5D83CB /* [CP] Check Pods Manifest.lock */,
				EF48C50622EDE93100980012 /* Sources */,
				EF48C50722EDE93100980012 /* Frameworks */,
				EF48C50822EDE93100980012 /* Resources */,
			);
			buildRules = (
			);
			dependencies = (
				EF48C50C22EDE93100980012 /* PBXTargetDependency */,
			);
			name = CCMNTests;
			productName = CCMNTests;
			productReference = EF48C50A22EDE93100980012 /* CCMNTests.xctest */;
			productType = "com.apple.product-type.bundle.unit-test";
		};
		EF48C51422EDE93100980012 /* CCMNUITests */ = {
			isa = PBXNativeTarget;
			buildConfigurationList = EF48C52422EDE93100980012 /* Build configuration list for PBXNativeTarget "CCMNUITests" */;
			buildPhases = (
				5243F673603F407D478E217B /* [CP] Check Pods Manifest.lock */,
				EF48C51122EDE93100980012 /* Sources */,
				EF48C51222EDE93100980012 /* Frameworks */,
				EF48C51322EDE93100980012 /* Resources */,
			);
			buildRules = (
			);
			dependencies = (
				EF48C51722EDE93100980012 /* PBXTargetDependency */,
			);
			name = CCMNUITests;
			productName = CCMNUITests;
			productReference = EF48C51522EDE93100980012 /* CCMNUITests.xctest */;
			productType = "com.apple.product-type.bundle.ui-testing";
		};
/* End PBXNativeTarget section */

/* Begin PBXProject section */
		EF48C4EE22EDE92F00980012 /* Project object */ = {
			isa = PBXProject;
			attributes = {
				LastSwiftUpdateCheck = 1020;
				LastUpgradeCheck = 1020;
				ORGANIZATIONNAME = "Anastasiia ALOKHINA";
				TargetAttributes = {
					EF48C4F522EDE92F00980012 = {
						CreatedOnToolsVersion = 10.2.1;
					};
					EF48C50922EDE93100980012 = {
						CreatedOnToolsVersion = 10.2.1;
						TestTargetID = EF48C4F522EDE92F00980012;
					};
					EF48C51422EDE93100980012 = {
						CreatedOnToolsVersion = 10.2.1;
						TestTargetID = EF48C4F522EDE92F00980012;
					};
				};
			};
			buildConfigurationList = EF48C4F122EDE92F00980012 /* Build configuration list for PBXProject "CCMN" */;
			compatibilityVersion = "Xcode 9.3";
			developmentRegion = en;
			hasScannedForEncodings = 0;
			knownRegions = (
				en,
				Base,
			);
			mainGroup = EF48C4ED22EDE92F00980012;
			productRefGroup = EF48C4F722EDE92F00980012 /* Products */;
			projectDirPath = "";
			projectRoot = "";
			targets = (
				EF48C4F522EDE92F00980012 /* CCMN */,
				EF48C50922EDE93100980012 /* CCMNTests */,
				EF48C51422EDE93100980012 /* CCMNUITests */,
			);
		};
/* End PBXProject section */

/* Begin PBXResourcesBuildPhase section */
		EF48C4F422EDE92F00980012 /* Resources */ = {
			isa = PBXResourcesBuildPhase;
			buildActionMask = 2147483647;
			files = (
				EF374EF52300016200D6C64A /* DateTextCell.xib in Resources */,
				5C2C0CBF2328399C00D132EF /* space.gif in Resources */,
				EF48C50422EDE93100980012 /* LaunchScreen.storyboard in Resources */,
				5D349A28230EA2DA00C5A9A4 /* EmptyChartCell.xib in Resources */,
				EF48C50122EDE93100980012 /* Assets.xcassets in Resources */,
				EF374EF72300016E00D6C64A /* DateCell.xib in Resources */,
				EF48C4FF22EDE92F00980012 /* Main.storyboard in Resources */,
				5DA036F5231542F00002A352 /* LocationVisVC.storyboard in Resources */,
				5DBB56752316634700DD47E8 /* MacListCell.xib in Resources */,
				EFDF3CAE22FEF9DC00A86B3E /* SearchSetUpVC.storyboard in Resources */,
				EF2E0602230439900034C418 /* DwellTimeVis.storyboard in Resources */,
				5D2E2D10231EBEF50041DDC9 /* ForecastsVC.storyboard in Resources */,
			);
			runOnlyForDeploymentPostprocessing = 0;
		};
		EF48C50822EDE93100980012 /* Resources */ = {
			isa = PBXResourcesBuildPhase;
			buildActionMask = 2147483647;
			files = (
			);
			runOnlyForDeploymentPostprocessing = 0;
		};
		EF48C51322EDE93100980012 /* Resources */ = {
			isa = PBXResourcesBuildPhase;
			buildActionMask = 2147483647;
			files = (
			);
			runOnlyForDeploymentPostprocessing = 0;
		};
/* End PBXResourcesBuildPhase section */

/* Begin PBXShellScriptBuildPhase section */
		11EE82150678F97A516C8C65 /* [CP] Check Pods Manifest.lock */ = {
			isa = PBXShellScriptBuildPhase;
			buildActionMask = 2147483647;
			files = (
			);
			inputFileListPaths = (
			);
			inputPaths = (
				"${PODS_PODFILE_DIR_PATH}/Podfile.lock",
				"${PODS_ROOT}/Manifest.lock",
			);
			name = "[CP] Check Pods Manifest.lock";
			outputFileListPaths = (
			);
			outputPaths = (
				"$(DERIVED_FILE_DIR)/Pods-CCMN-checkManifestLockResult.txt",
			);
			runOnlyForDeploymentPostprocessing = 0;
			shellPath = /bin/sh;
			shellScript = "diff \"${PODS_PODFILE_DIR_PATH}/Podfile.lock\" \"${PODS_ROOT}/Manifest.lock\" > /dev/null\nif [ $? != 0 ] ; then\n    # print error to STDERR\n    echo \"error: The sandbox is not in sync with the Podfile.lock. Run 'pod install' or update your CocoaPods installation.\" >&2\n    exit 1\nfi\n# This output is used by Xcode 'outputs' to avoid re-running this script phase.\necho \"SUCCESS\" > \"${SCRIPT_OUTPUT_FILE_0}\"\n";
			showEnvVarsInLog = 0;
		};
		5243F673603F407D478E217B /* [CP] Check Pods Manifest.lock */ = {
			isa = PBXShellScriptBuildPhase;
			buildActionMask = 2147483647;
			files = (
			);
			inputFileListPaths = (
			);
			inputPaths = (
				"${PODS_PODFILE_DIR_PATH}/Podfile.lock",
				"${PODS_ROOT}/Manifest.lock",
			);
			name = "[CP] Check Pods Manifest.lock";
			outputFileListPaths = (
			);
			outputPaths = (
				"$(DERIVED_FILE_DIR)/Pods-CCMNUITests-checkManifestLockResult.txt",
			);
			runOnlyForDeploymentPostprocessing = 0;
			shellPath = /bin/sh;
			shellScript = "diff \"${PODS_PODFILE_DIR_PATH}/Podfile.lock\" \"${PODS_ROOT}/Manifest.lock\" > /dev/null\nif [ $? != 0 ] ; then\n    # print error to STDERR\n    echo \"error: The sandbox is not in sync with the Podfile.lock. Run 'pod install' or update your CocoaPods installation.\" >&2\n    exit 1\nfi\n# This output is used by Xcode 'outputs' to avoid re-running this script phase.\necho \"SUCCESS\" > \"${SCRIPT_OUTPUT_FILE_0}\"\n";
			showEnvVarsInLog = 0;
		};
		AFFB953EE1600CF7DF5D83CB /* [CP] Check Pods Manifest.lock */ = {
			isa = PBXShellScriptBuildPhase;
			buildActionMask = 2147483647;
			files = (
			);
			inputFileListPaths = (
			);
			inputPaths = (
				"${PODS_PODFILE_DIR_PATH}/Podfile.lock",
				"${PODS_ROOT}/Manifest.lock",
			);
			name = "[CP] Check Pods Manifest.lock";
			outputFileListPaths = (
			);
			outputPaths = (
				"$(DERIVED_FILE_DIR)/Pods-CCMNTests-checkManifestLockResult.txt",
			);
			runOnlyForDeploymentPostprocessing = 0;
			shellPath = /bin/sh;
			shellScript = "diff \"${PODS_PODFILE_DIR_PATH}/Podfile.lock\" \"${PODS_ROOT}/Manifest.lock\" > /dev/null\nif [ $? != 0 ] ; then\n    # print error to STDERR\n    echo \"error: The sandbox is not in sync with the Podfile.lock. Run 'pod install' or update your CocoaPods installation.\" >&2\n    exit 1\nfi\n# This output is used by Xcode 'outputs' to avoid re-running this script phase.\necho \"SUCCESS\" > \"${SCRIPT_OUTPUT_FILE_0}\"\n";
			showEnvVarsInLog = 0;
		};
/* End PBXShellScriptBuildPhase section */

/* Begin PBXSourcesBuildPhase section */
		EF48C4F222EDE92F00980012 /* Sources */ = {
			isa = PBXSourcesBuildPhase;
			buildActionMask = 2147483647;
			files = (
				5D349A2A230EA30F00C5A9A4 /* EmptyChartCell.swift in Sources */,
				5DBB56772316636200DD47E8 /* MacListCell.swift in Sources */,
				EF48C4FC22EDE92F00980012 /* ViewController.swift in Sources */,
				EF374EFB2300020A00D6C64A /* DateCell.swift in Sources */,
				5D2E2D12231EBF290041DDC9 /* ForecastsVC.swift in Sources */,
				5D3E2B4823265CB000240CB5 /* CellForInitialVC.swift in Sources */,
				EF25854A22FD6E70001019E8 /* PresenceEndpoints.swift in Sources */,
				5D24B7B6230FFC4A002CC7F5 /* PresenceVisExt.swift in Sources */,
				5D118AD9231E5B7B006F6C60 /* PresenceRequests.swift in Sources */,
				EF48C4FA22EDE92F00980012 /* AppDelegate.swift in Sources */,
				EF97360B2300649100ABC318 /* NetworkManager.swift in Sources */,
				5D3E2B4A23265D7000240CB5 /* VCext.swift in Sources */,
				5DBB56792316640F00DD47E8 /* LocationVisVCExt.swift in Sources */,
				5C7C57CF2326D66C0092BFE8 /* GifVC.swift in Sources */,
				5DFFC581232422A600883640 /* ExtensionCharts.swift in Sources */,
				EFE8C34022F71AE600C054F6 /* MapJSON.swift in Sources */,
				EF06EA4C22F9D91700681741 /* Campus.swift in Sources */,
				5C7C57C92326C1890092BFE8 /* GifFramework.swift in Sources */,
				EFE5DDD122FC558E00F1287B /* SiteID.swift in Sources */,
				5D13223823213465001BB015 /* EncodableForecast.swift in Sources */,
				EF8580C722EF569F00F6B58D /* Client.swift in Sources */,
				EF8580CA22EF62DA00F6B58D /* Extension.swift in Sources */,
				EFE5DDCF22FC425800F1287B /* UIVCExtensions.swift in Sources */,
				EFB281DE22FDA3A400B714EA /* ConnectedVisitorsFuncs.swift in Sources */,
				5DADCE6823054BBB006AC5AD /* KPISummary.swift in Sources */,
				EF374EF222FFFFA500D6C64A /* SetUpVCExtnsn.swift in Sources */,
				5D24B7B4230FFBC0002CC7F5 /* UICellExt.swift in Sources */,
				EF374EF9230001E200D6C64A /* DateTextCell.swift in Sources */,
				5DA036F7231542FC0002A352 /* LocationVisVC.swift in Sources */,
				EF6E844A22F33AE100136C6B /* LocationRequestEndpoints.swift in Sources */,
				EF2E0604230439BD0034C418 /* PresenceVis.swift in Sources */,
				EFDF3CB222FEFBE800A86B3E /* SearchSetUpVC.swift in Sources */,
				5DA036F92315575C0002A352 /* ClientJSON.swift in Sources */,
			);
			runOnlyForDeploymentPostprocessing = 0;
		};
		EF48C50622EDE93100980012 /* Sources */ = {
			isa = PBXSourcesBuildPhase;
			buildActionMask = 2147483647;
			files = (
				EF48C50F22EDE93100980012 /* CCMNTests.swift in Sources */,
			);
			runOnlyForDeploymentPostprocessing = 0;
		};
		EF48C51122EDE93100980012 /* Sources */ = {
			isa = PBXSourcesBuildPhase;
			buildActionMask = 2147483647;
			files = (
				EF48C51A22EDE93100980012 /* CCMNUITests.swift in Sources */,
			);
			runOnlyForDeploymentPostprocessing = 0;
		};
/* End PBXSourcesBuildPhase section */

/* Begin PBXTargetDependency section */
		EF48C50C22EDE93100980012 /* PBXTargetDependency */ = {
			isa = PBXTargetDependency;
			target = EF48C4F522EDE92F00980012 /* CCMN */;
			targetProxy = EF48C50B22EDE93100980012 /* PBXContainerItemProxy */;
		};
		EF48C51722EDE93100980012 /* PBXTargetDependency */ = {
			isa = PBXTargetDependency;
			target = EF48C4F522EDE92F00980012 /* CCMN */;
			targetProxy = EF48C51622EDE93100980012 /* PBXContainerItemProxy */;
		};
/* End PBXTargetDependency section */

/* Begin PBXVariantGroup section */
		EF48C4FD22EDE92F00980012 /* Main.storyboard */ = {
			isa = PBXVariantGroup;
			children = (
				EF48C4FE22EDE92F00980012 /* Base */,
			);
			name = Main.storyboard;
			sourceTree = "<group>";
		};
		EF48C50222EDE93100980012 /* LaunchScreen.storyboard */ = {
			isa = PBXVariantGroup;
			children = (
				EF48C50322EDE93100980012 /* Base */,
			);
			name = LaunchScreen.storyboard;
			sourceTree = "<group>";
		};
/* End PBXVariantGroup section */

/* Begin XCBuildConfiguration section */
		EF48C51C22EDE93100980012 /* Debug */ = {
			isa = XCBuildConfiguration;
			buildSettings = {
				ALWAYS_SEARCH_USER_PATHS = NO;
				CLANG_ANALYZER_NONNULL = YES;
				CLANG_ANALYZER_NUMBER_OBJECT_CONVERSION = YES_AGGRESSIVE;
				CLANG_CXX_LANGUAGE_STANDARD = "gnu++14";
				CLANG_CXX_LIBRARY = "libc++";
				CLANG_ENABLE_MODULES = YES;
				CLANG_ENABLE_OBJC_ARC = YES;
				CLANG_ENABLE_OBJC_WEAK = YES;
				CLANG_WARN_BLOCK_CAPTURE_AUTORELEASING = YES;
				CLANG_WARN_BOOL_CONVERSION = YES;
				CLANG_WARN_COMMA = YES;
				CLANG_WARN_CONSTANT_CONVERSION = YES;
				CLANG_WARN_DEPRECATED_OBJC_IMPLEMENTATIONS = YES;
				CLANG_WARN_DIRECT_OBJC_ISA_USAGE = YES_ERROR;
				CLANG_WARN_DOCUMENTATION_COMMENTS = YES;
				CLANG_WARN_EMPTY_BODY = YES;
				CLANG_WARN_ENUM_CONVERSION = YES;
				CLANG_WARN_INFINITE_RECURSION = YES;
				CLANG_WARN_INT_CONVERSION = YES;
				CLANG_WARN_NON_LITERAL_NULL_CONVERSION = YES;
				CLANG_WARN_OBJC_IMPLICIT_RETAIN_SELF = YES;
				CLANG_WARN_OBJC_LITERAL_CONVERSION = YES;
				CLANG_WARN_OBJC_ROOT_CLASS = YES_ERROR;
				CLANG_WARN_RANGE_LOOP_ANALYSIS = YES;
				CLANG_WARN_STRICT_PROTOTYPES = YES;
				CLANG_WARN_SUSPICIOUS_MOVE = YES;
				CLANG_WARN_UNGUARDED_AVAILABILITY = YES_AGGRESSIVE;
				CLANG_WARN_UNREACHABLE_CODE = YES;
				CLANG_WARN__DUPLICATE_METHOD_MATCH = YES;
				CODE_SIGN_IDENTITY = "iPhone Developer";
				COPY_PHASE_STRIP = NO;
				DEBUG_INFORMATION_FORMAT = dwarf;
				ENABLE_STRICT_OBJC_MSGSEND = YES;
				ENABLE_TESTABILITY = YES;
				GCC_C_LANGUAGE_STANDARD = gnu11;
				GCC_DYNAMIC_NO_PIC = NO;
				GCC_NO_COMMON_BLOCKS = YES;
				GCC_OPTIMIZATION_LEVEL = 0;
				GCC_PREPROCESSOR_DEFINITIONS = (
					"DEBUG=1",
					"$(inherited)",
				);
				GCC_WARN_64_TO_32_BIT_CONVERSION = YES;
				GCC_WARN_ABOUT_RETURN_TYPE = YES_ERROR;
				GCC_WARN_UNDECLARED_SELECTOR = YES;
				GCC_WARN_UNINITIALIZED_AUTOS = YES_AGGRESSIVE;
				GCC_WARN_UNUSED_FUNCTION = YES;
				GCC_WARN_UNUSED_VARIABLE = YES;
				IPHONEOS_DEPLOYMENT_TARGET = 12.2;
				MTL_ENABLE_DEBUG_INFO = INCLUDE_SOURCE;
				MTL_FAST_MATH = YES;
				ONLY_ACTIVE_ARCH = YES;
				SDKROOT = iphoneos;
				SWIFT_ACTIVE_COMPILATION_CONDITIONS = DEBUG;
				SWIFT_OPTIMIZATION_LEVEL = "-Onone";
			};
			name = Debug;
		};
		EF48C51D22EDE93100980012 /* Release */ = {
			isa = XCBuildConfiguration;
			buildSettings = {
				ALWAYS_SEARCH_USER_PATHS = NO;
				CLANG_ANALYZER_NONNULL = YES;
				CLANG_ANALYZER_NUMBER_OBJECT_CONVERSION = YES_AGGRESSIVE;
				CLANG_CXX_LANGUAGE_STANDARD = "gnu++14";
				CLANG_CXX_LIBRARY = "libc++";
				CLANG_ENABLE_MODULES = YES;
				CLANG_ENABLE_OBJC_ARC = YES;
				CLANG_ENABLE_OBJC_WEAK = YES;
				CLANG_WARN_BLOCK_CAPTURE_AUTORELEASING = YES;
				CLANG_WARN_BOOL_CONVERSION = YES;
				CLANG_WARN_COMMA = YES;
				CLANG_WARN_CONSTANT_CONVERSION = YES;
				CLANG_WARN_DEPRECATED_OBJC_IMPLEMENTATIONS = YES;
				CLANG_WARN_DIRECT_OBJC_ISA_USAGE = YES_ERROR;
				CLANG_WARN_DOCUMENTATION_COMMENTS = YES;
				CLANG_WARN_EMPTY_BODY = YES;
				CLANG_WARN_ENUM_CONVERSION = YES;
				CLANG_WARN_INFINITE_RECURSION = YES;
				CLANG_WARN_INT_CONVERSION = YES;
				CLANG_WARN_NON_LITERAL_NULL_CONVERSION = YES;
				CLANG_WARN_OBJC_IMPLICIT_RETAIN_SELF = YES;
				CLANG_WARN_OBJC_LITERAL_CONVERSION = YES;
				CLANG_WARN_OBJC_ROOT_CLASS = YES_ERROR;
				CLANG_WARN_RANGE_LOOP_ANALYSIS = YES;
				CLANG_WARN_STRICT_PROTOTYPES = YES;
				CLANG_WARN_SUSPICIOUS_MOVE = YES;
				CLANG_WARN_UNGUARDED_AVAILABILITY = YES_AGGRESSIVE;
				CLANG_WARN_UNREACHABLE_CODE = YES;
				CLANG_WARN__DUPLICATE_METHOD_MATCH = YES;
				CODE_SIGN_IDENTITY = "iPhone Developer";
				COPY_PHASE_STRIP = NO;
				DEBUG_INFORMATION_FORMAT = "dwarf-with-dsym";
				ENABLE_NS_ASSERTIONS = NO;
				ENABLE_STRICT_OBJC_MSGSEND = YES;
				GCC_C_LANGUAGE_STANDARD = gnu11;
				GCC_NO_COMMON_BLOCKS = YES;
				GCC_WARN_64_TO_32_BIT_CONVERSION = YES;
				GCC_WARN_ABOUT_RETURN_TYPE = YES_ERROR;
				GCC_WARN_UNDECLARED_SELECTOR = YES;
				GCC_WARN_UNINITIALIZED_AUTOS = YES_AGGRESSIVE;
				GCC_WARN_UNUSED_FUNCTION = YES;
				GCC_WARN_UNUSED_VARIABLE = YES;
				IPHONEOS_DEPLOYMENT_TARGET = 12.2;
				MTL_ENABLE_DEBUG_INFO = NO;
				MTL_FAST_MATH = YES;
				SDKROOT = iphoneos;
				SWIFT_COMPILATION_MODE = wholemodule;
				SWIFT_OPTIMIZATION_LEVEL = "-O";
				VALIDATE_PRODUCT = YES;
			};
			name = Release;
		};
		EF48C51F22EDE93100980012 /* Debug */ = {
			isa = XCBuildConfiguration;
			baseConfigurationReference = ADCEC84424141817F5B6830B /* Pods-CCMN.debug.xcconfig */;
			buildSettings = {
				ASSETCATALOG_COMPILER_APPICON_NAME = AppIcon;
				CODE_SIGN_STYLE = Automatic;
				DEVELOPMENT_TEAM = 4FJNVARW84;
				INFOPLIST_FILE = CCMN/Info.plist;
				LD_RUNPATH_SEARCH_PATHS = (
					"$(inherited)",
					"@executable_path/Frameworks",
				);
				PRODUCT_BUNDLE_IDENTIFIER = aalokhin.CCMN;
				PRODUCT_NAME = "$(TARGET_NAME)";
				SWIFT_VERSION = 5.0;
				TARGETED_DEVICE_FAMILY = "1,2";
			};
			name = Debug;
		};
		EF48C52022EDE93100980012 /* Release */ = {
			isa = XCBuildConfiguration;
			baseConfigurationReference = 29F15A1414696DF53B35BA83 /* Pods-CCMN.release.xcconfig */;
			buildSettings = {
				ASSETCATALOG_COMPILER_APPICON_NAME = AppIcon;
				CODE_SIGN_STYLE = Automatic;
				DEVELOPMENT_TEAM = 4FJNVARW84;
				INFOPLIST_FILE = CCMN/Info.plist;
				LD_RUNPATH_SEARCH_PATHS = (
					"$(inherited)",
					"@executable_path/Frameworks",
				);
				PRODUCT_BUNDLE_IDENTIFIER = aalokhin.CCMN;
				PRODUCT_NAME = "$(TARGET_NAME)";
				SWIFT_VERSION = 5.0;
				TARGETED_DEVICE_FAMILY = "1,2";
			};
			name = Release;
		};
		EF48C52222EDE93100980012 /* Debug */ = {
			isa = XCBuildConfiguration;
			baseConfigurationReference = 0842C8F66F65D923BC459256 /* Pods-CCMNTests.debug.xcconfig */;
			buildSettings = {
				ALWAYS_EMBED_SWIFT_STANDARD_LIBRARIES = YES;
				BUNDLE_LOADER = "$(TEST_HOST)";
				CODE_SIGN_STYLE = Automatic;
				INFOPLIST_FILE = CCMNTests/Info.plist;
				LD_RUNPATH_SEARCH_PATHS = (
					"$(inherited)",
					"@executable_path/Frameworks",
					"@loader_path/Frameworks",
				);
				PRODUCT_BUNDLE_IDENTIFIER = aalokhin.CCMNTests;
				PRODUCT_NAME = "$(TARGET_NAME)";
				SWIFT_VERSION = 5.0;
				TARGETED_DEVICE_FAMILY = "1,2";
				TEST_HOST = "$(BUILT_PRODUCTS_DIR)/CCMN.app/CCMN";
			};
			name = Debug;
		};
		EF48C52322EDE93100980012 /* Release */ = {
			isa = XCBuildConfiguration;
			baseConfigurationReference = 236A6095A5F772CFE68C8129 /* Pods-CCMNTests.release.xcconfig */;
			buildSettings = {
				ALWAYS_EMBED_SWIFT_STANDARD_LIBRARIES = YES;
				BUNDLE_LOADER = "$(TEST_HOST)";
				CODE_SIGN_STYLE = Automatic;
				INFOPLIST_FILE = CCMNTests/Info.plist;
				LD_RUNPATH_SEARCH_PATHS = (
					"$(inherited)",
					"@executable_path/Frameworks",
					"@loader_path/Frameworks",
				);
				PRODUCT_BUNDLE_IDENTIFIER = aalokhin.CCMNTests;
				PRODUCT_NAME = "$(TARGET_NAME)";
				SWIFT_VERSION = 5.0;
				TARGETED_DEVICE_FAMILY = "1,2";
				TEST_HOST = "$(BUILT_PRODUCTS_DIR)/CCMN.app/CCMN";
			};
			name = Release;
		};
		EF48C52522EDE93100980012 /* Debug */ = {
			isa = XCBuildConfiguration;
			baseConfigurationReference = 9D4D708305E139255BA3059C /* Pods-CCMNUITests.debug.xcconfig */;
			buildSettings = {
				ALWAYS_EMBED_SWIFT_STANDARD_LIBRARIES = YES;
				CODE_SIGN_STYLE = Automatic;
				INFOPLIST_FILE = CCMNUITests/Info.plist;
				LD_RUNPATH_SEARCH_PATHS = (
					"$(inherited)",
					"@executable_path/Frameworks",
					"@loader_path/Frameworks",
				);
				PRODUCT_BUNDLE_IDENTIFIER = aalokhin.CCMNUITests;
				PRODUCT_NAME = "$(TARGET_NAME)";
				SWIFT_VERSION = 5.0;
				TARGETED_DEVICE_FAMILY = "1,2";
				TEST_TARGET_NAME = CCMN;
			};
			name = Debug;
		};
		EF48C52622EDE93100980012 /* Release */ = {
			isa = XCBuildConfiguration;
			baseConfigurationReference = 0B33FB1236B9637DB700DD50 /* Pods-CCMNUITests.release.xcconfig */;
			buildSettings = {
				ALWAYS_EMBED_SWIFT_STANDARD_LIBRARIES = YES;
				CODE_SIGN_STYLE = Automatic;
				INFOPLIST_FILE = CCMNUITests/Info.plist;
				LD_RUNPATH_SEARCH_PATHS = (
					"$(inherited)",
					"@executable_path/Frameworks",
					"@loader_path/Frameworks",
				);
				PRODUCT_BUNDLE_IDENTIFIER = aalokhin.CCMNUITests;
				PRODUCT_NAME = "$(TARGET_NAME)";
				SWIFT_VERSION = 5.0;
				TARGETED_DEVICE_FAMILY = "1,2";
				TEST_TARGET_NAME = CCMN;
			};
			name = Release;
		};
/* End XCBuildConfiguration section */

/* Begin XCConfigurationList section */
		EF48C4F122EDE92F00980012 /* Build configuration list for PBXProject "CCMN" */ = {
			isa = XCConfigurationList;
			buildConfigurations = (
				EF48C51C22EDE93100980012 /* Debug */,
				EF48C51D22EDE93100980012 /* Release */,
			);
			defaultConfigurationIsVisible = 0;
			defaultConfigurationName = Release;
		};
		EF48C51E22EDE93100980012 /* Build configuration list for PBXNativeTarget "CCMN" */ = {
			isa = XCConfigurationList;
			buildConfigurations = (
				EF48C51F22EDE93100980012 /* Debug */,
				EF48C52022EDE93100980012 /* Release */,
			);
			defaultConfigurationIsVisible = 0;
			defaultConfigurationName = Release;
		};
		EF48C52122EDE93100980012 /* Build configuration list for PBXNativeTarget "CCMNTests" */ = {
			isa = XCConfigurationList;
			buildConfigurations = (
				EF48C52222EDE93100980012 /* Debug */,
				EF48C52322EDE93100980012 /* Release */,
			);
			defaultConfigurationIsVisible = 0;
			defaultConfigurationName = Release;
		};
		EF48C52422EDE93100980012 /* Build configuration list for PBXNativeTarget "CCMNUITests" */ = {
			isa = XCConfigurationList;
			buildConfigurations = (
				EF48C52522EDE93100980012 /* Debug */,
				EF48C52622EDE93100980012 /* Release */,
			);
			defaultConfigurationIsVisible = 0;
			defaultConfigurationName = Release;
		};
/* End XCConfigurationList section */
	};
	rootObject = EF48C4EE22EDE92F00980012 /* Project object */;
}
